
Microsoft Visual Studio Solution File, Format Version 12.00
Project("{FAE04EC0-301F-11D3-BF4B-00C04F79EFBC}") = "SharpCore", "SharpCore\SharpCore.csproj", "{0973E282-D6EA-44CD-ADE0-C539E6CBE7D8}"
EndProject
Project("{FAE04EC0-301F-11D3-BF4B-00C04F79EFBC}") = "SharpCoreTests", "SharpCoreTests\SharpCoreTests.csproj", "{245E3FB3-9587-4204-BD5E-4973750C8E4C}"
EndProject
Global
	GlobalSection(SolutionConfigurationPlatforms) = preSolution
		Debug|Any CPU = Debug|Any CPU
		Release|Any CPU = Release|Any CPU
	EndGlobalSection
	GlobalSection(ProjectConfigurationPlatforms) = postSolution
		{0973E282-D6EA-44CD-ADE0-C539E6CBE7D8}.Debug|Any CPU.ActiveCfg = Debug|Any CPU
		{0973E282-D6EA-44CD-ADE0-C539E6CBE7D8}.Debug|Any CPU.Build.0 = Debug|Any CPU
		{0973E282-D6EA-44CD-ADE0-C539E6CBE7D8}.Release|Any CPU.ActiveCfg = Release|Any CPU
		{0973E282-D6EA-44CD-ADE0-C539E6CBE7D8}.Release|Any CPU.Build.0 = Release|Any CPU
		{245E3FB3-9587-4204-BD5E-4973750C8E4C}.Debug|Any CPU.ActiveCfg = Debug|Any CPU
		{245E3FB3-9587-4204-BD5E-4973750C8E4C}.Debug|Any CPU.Build.0 = Debug|Any CPU
		{245E3FB3-9587-4204-BD5E-4973750C8E4C}.Release|Any CPU.ActiveCfg = Release|Any CPU
		{245E3FB3-9587-4204-BD5E-4973750C8E4C}.Release|Any CPU.Build.0 = Release|Any CPU
	EndGlobalSection
EndGlobal
